<?xml version="1.0" encoding="utf-8"?>
<Project ToolsVersion="4.0" xmlns="http://schemas.microsoft.com/developer/msbuild/2003">
  <ItemGroup>
    <ClCompile Include="ImGui\imgui.cpp" />
    <ClCompile Include="ImGui\imgui_draw.cpp" />
    <ClCompile Include="ImGui\imgui_impl_dx11.cpp" />
    <ClCompile Include="ImGui\imgui_impl_dx9.cpp" />
    <ClCompile Include="ImGui\imgui_impl_win32.cpp" />
    <ClCompile Include="ImGui\imgui_ja_gryph_ranges.cpp" />
    <ClCompile Include="ImGui\imgui_tables.cpp" />
    <ClCompile Include="ImGui\imgui_widgets.cpp" />
    <ClCompile Include="Library\App.cpp" />
    <ClCompile Include="Library\main.cpp" />
    <ClCompile Include="Library\ObjectManager.cpp" />
    <ClCompile Include="Library\SceneManager.cpp" />
    <ClCompile Include="Library\Time.cpp" />
    <ClCompile Include="Source\BeltConveyor.cpp" />
    <ClCompile Include="Source\BeltConveyorL.cpp" />
    <ClCompile Include="Source\BootScene.cpp" />
    <ClCompile Include="Source\Box.cpp" />
    <ClCompile Include="Source\Breath.cpp" />
    <ClCompile Include="Source\Clear.cpp" />
    <ClCompile Include="Source\Collider.cpp" />
    <ClCompile Include="Source\csvReader.cpp" />
    <ClCompile Include="Source\Debug.cpp" />
    <ClCompile Include="Source\downdraft.cpp" />
    <ClCompile Include="Source\Field.cpp" />
    <ClCompile Include="Source\GameOver.cpp" />
    <ClCompile Include="Source\Gravity.cpp" />
    <ClCompile Include="Source\Mainmenu.cpp" />
    <ClCompile Include="Source\MoveFloor.cpp" />
    <ClCompile Include="Source\NeoGravity.cpp" />
    <ClCompile Include="Source\Nyoki.cpp" />
    <ClCompile Include="Source\Player.cpp" />
    <ClCompile Include="Source\PlayScene.cpp" />
    <ClCompile Include="Source\respawn.cpp" />
    <ClCompile Include="Source\SceneFactory.cpp" />
    <ClCompile Include="Source\Skeleton.cpp" />
    <ClCompile Include="Source\StageNumber.cpp" />
    <ClCompile Include="Source\TitleScene.cpp" />
    <ClCompile Include="Source\trap.cpp" />
    <ClCompile Include="Source\Trigger.cpp" />
    <ClCompile Include="Source\updraft.cpp" />
    <ClCompile Include="Source\BOAAAA.cpp" />
  </ItemGroup>
  <ItemGroup>
    <ClInclude Include="ImGui\imconfig.h" />
    <ClInclude Include="ImGui\imgui.h" />
    <ClInclude Include="ImGui\imgui_impl_dx11.h" />
    <ClInclude Include="ImGui\imgui_impl_dx9.h" />
    <ClInclude Include="ImGui\imgui_impl_dxlib.hpp" />
    <ClInclude Include="ImGui\imgui_impl_win32.h" />
    <ClInclude Include="ImGui\imgui_internal.h" />
    <ClInclude Include="ImGui\imstb_rectpack.h" />
    <ClInclude Include="ImGui\imstb_textedit.h" />
    <ClInclude Include="ImGui\imstb_truetype.h" />
    <ClInclude Include="Library\App.h" />
    <ClInclude Include="Library\GameObject.h" />
    <ClInclude Include="Library\myDxLib.h" />
    <ClInclude Include="Library\ObjectManager.h" />
    <ClInclude Include="Library\SceneBase.h" />
    <ClInclude Include="Library\SceneManager.h" />
    <ClInclude Include="Library\Time.h" />
    <ClInclude Include="Source\BeltConveyor.h" />
    <ClInclude Include="Source\BeltConveyorL.h" />
    <ClInclude Include="Source\BootScene.h" />
    <ClInclude Include="Source\Box.h" />
    <ClInclude Include="Source\Breath.h" />
    <ClInclude Include="Source\Clear.h" />
    <ClInclude Include="Source\Collider.h" />
    <ClInclude Include="Source\CsvReader.h" />
    <ClInclude Include="Source\Debug.h" />
    <ClInclude Include="Source\downdraft.h" />
    <ClInclude Include="Source\Field.h" />
    <ClInclude Include="Source\GameOver.h" />
    <ClInclude Include="Source\Gravity.h" />
    <ClInclude Include="Source\Mainmenu.h" />
    <ClInclude Include="Source\MoveFloor.h" />
    <ClInclude Include="Source\NeoGravity.h" />
    <ClInclude Include="Source\Nyoki.h" />
    <ClInclude Include="Source\Player.h" />
    <ClInclude Include="Source\PlayScene.h" />
    <ClInclude Include="Source\respawn.h" />
    <ClInclude Include="Source\Screen.h" />
    <ClInclude Include="Source\SceneFactory.h" />
    <ClInclude Include="Source\Skeleton.h" />
    <ClInclude Include="Source\StageNumber.h" />
    <ClInclude Include="Source\TitleScene.h" />
    <ClInclude Include="Source\trap.h" />
    <ClInclude Include="Source\Trigger.h" />
    <ClInclude Include="Source\updraft.h" />
    <ClInclude Include="Source\BOAAAA.h" />
  </ItemGroup>
</Project>